
Microsoft Visual Studio Solution File, Format Version 12.00
# Visual Studio Version 17
VisualStudioVersion = 17.5.002.0
MinimumVisualStudioVersion = 10.0.40219.1
Project("{9A19103F-16F7-4668-BE54-9A1E7A4F7556}") = "GameSnake", "GameSnake.csproj", "{2070B87B-28BE-4955-9D61-58DEADC853ED}"
EndProject
Global
	GlobalSection(SolutionConfigurationPlatforms) = preSolution
		Debug|Any CPU = Debug|Any CPU
		Release|Any CPU = Release|Any CPU
	EndGlobalSection
	GlobalSection(ProjectConfigurationPlatforms) = postSolution
		{2070B87B-28BE-4955-9D61-58DEADC853ED}.Debug|Any CPU.ActiveCfg = Debug|Any CPU
		{2070B87B-28BE-4955-9D61-58DEADC853ED}.Debug|Any CPU.Build.0 = Debug|Any CPU
		{2070B87B-28BE-4955-9D61-58DEADC853ED}.Release|Any CPU.ActiveCfg = Release|Any CPU
		{2070B87B-28BE-4955-9D61-58DEADC853ED}.Release|Any CPU.Build.0 = Release|Any CPU
	EndGlobalSection
	GlobalSection(SolutionProperties) = preSolution
		HideSolutionNode = FALSE
	EndGlobalSection
	GlobalSection(ExtensibilityGlobals) = postSolution
		SolutionGuid = {6F961F65-9765-45D6-AA3E-142C0655C202}
	EndGlobalSection
EndGlobal
